
Microsoft Visual Studio Solution File, Format Version 12.00
# Visual Studio Version 17
VisualStudioVersion = 17.4.33122.133
MinimumVisualStudioVersion = 10.0.40219.1
Project("{9A19103F-16F7-4668-BE54-9A1E7A4F7556}") = "securiteserver", "ConsoleApp3\securiteserver.csproj", "{7957CA36-A7F3-4AFA-8DDB-9FB607E9DA93}"
EndProject
Project("{9A19103F-16F7-4668-BE54-9A1E7A4F7556}") = "securiteinterface", "securiteinterface\securiteinterface.csproj", "{9FAD87FC-7698-43C7-B2A1-D231EFF635A8}"
EndProject
Project("{9A19103F-16F7-4668-BE54-9A1E7A4F7556}") = "admin", "admin\admin.csproj", "{6510CACC-19EA-422A-860A-9F6079A0DE83}"
EndProject
Project("{9A19103F-16F7-4668-BE54-9A1E7A4F7556}") = "monitoring", "monitoring\monitoring.csproj", "{13C6D863-2660-4B6D-B88D-9F2796D2A030}"
EndProject
Project("{9A19103F-16F7-4668-BE54-9A1E7A4F7556}") = "monitoringinterface", "monitoringinterface\monitoringinterface.csproj", "{01DBF1C1-D995-4845-8BB7-58209E861477}"
EndProject
Project("{FAE04EC0-301F-11D3-BF4B-00C04F79EFBC}") = "test", "test\test.csproj", "{D69CC979-B332-4B48-98C4-B17B28C12D39}"
EndProject
Global
	GlobalSection(SolutionConfigurationPlatforms) = preSolution
		Debug|Any CPU = Debug|Any CPU
		Release|Any CPU = Release|Any CPU
	EndGlobalSection
	GlobalSection(ProjectConfigurationPlatforms) = postSolution
		{7957CA36-A7F3-4AFA-8DDB-9FB607E9DA93}.Debug|Any CPU.ActiveCfg = Debug|Any CPU
		{7957CA36-A7F3-4AFA-8DDB-9FB607E9DA93}.Debug|Any CPU.Build.0 = Debug|Any CPU
		{7957CA36-A7F3-4AFA-8DDB-9FB607E9DA93}.Release|Any CPU.ActiveCfg = Release|Any CPU
		{7957CA36-A7F3-4AFA-8DDB-9FB607E9DA93}.Release|Any CPU.Build.0 = Release|Any CPU
		{9FAD87FC-7698-43C7-B2A1-D231EFF635A8}.Debug|Any CPU.ActiveCfg = Debug|Any CPU
		{9FAD87FC-7698-43C7-B2A1-D231EFF635A8}.Debug|Any CPU.Build.0 = Debug|Any CPU
		{9FAD87FC-7698-43C7-B2A1-D231EFF635A8}.Release|Any CPU.ActiveCfg = Release|Any CPU
		{9FAD87FC-7698-43C7-B2A1-D231EFF635A8}.Release|Any CPU.Build.0 = Release|Any CPU
		{6510CACC-19EA-422A-860A-9F6079A0DE83}.Debug|Any CPU.ActiveCfg = Debug|Any CPU
		{6510CACC-19EA-422A-860A-9F6079A0DE83}.Debug|Any CPU.Build.0 = Debug|Any CPU
		{6510CACC-19EA-422A-860A-9F6079A0DE83}.Release|Any CPU.ActiveCfg = Release|Any CPU
		{6510CACC-19EA-422A-860A-9F6079A0DE83}.Release|Any CPU.Build.0 = Release|Any CPU
		{13C6D863-2660-4B6D-B88D-9F2796D2A030}.Debug|Any CPU.ActiveCfg = Debug|Any CPU
		{13C6D863-2660-4B6D-B88D-9F2796D2A030}.Debug|Any CPU.Build.0 = Debug|Any CPU
		{13C6D863-2660-4B6D-B88D-9F2796D2A030}.Release|Any CPU.ActiveCfg = Release|Any CPU
		{13C6D863-2660-4B6D-B88D-9F2796D2A030}.Release|Any CPU.Build.0 = Release|Any CPU
		{01DBF1C1-D995-4845-8BB7-58209E861477}.Debug|Any CPU.ActiveCfg = Debug|Any CPU
		{01DBF1C1-D995-4845-8BB7-58209E861477}.Debug|Any CPU.Build.0 = Debug|Any CPU
		{01DBF1C1-D995-4845-8BB7-58209E861477}.Release|Any CPU.ActiveCfg = Release|Any CPU
		{01DBF1C1-D995-4845-8BB7-58209E861477}.Release|Any CPU.Build.0 = Release|Any CPU
		{D69CC979-B332-4B48-98C4-B17B28C12D39}.Debug|Any CPU.ActiveCfg = Debug|Any CPU
		{D69CC979-B332-4B48-98C4-B17B28C12D39}.Debug|Any CPU.Build.0 = Debug|Any CPU
		{D69CC979-B332-4B48-98C4-B17B28C12D39}.Release|Any CPU.ActiveCfg = Release|Any CPU
		{D69CC979-B332-4B48-98C4-B17B28C12D39}.Release|Any CPU.Build.0 = Release|Any CPU
	EndGlobalSection
	GlobalSection(SolutionProperties) = preSolution
		HideSolutionNode = FALSE
	EndGlobalSection
	GlobalSection(ExtensibilityGlobals) = postSolution
		SolutionGuid = {7ACAAA49-E3C3-4FA7-926C-98570E4950B7}
	EndGlobalSection
EndGlobal
